
Microsoft Visual Studio Solution File, Format Version 12.00
# Visual Studio Version 17
VisualStudioVersion = 17.4.33213.308
MinimumVisualStudioVersion = 10.0.40219.1
Project("{FAE04EC0-301F-11D3-BF4B-00C04F79EFBC}") = "AM.ApplicationCore", "AM.ApplicationCore\AM.ApplicationCore.csproj", "{96BCD9D7-3880-4C14-89C3-103837D58BAB}"
EndProject
Project("{FAE04EC0-301F-11D3-BF4B-00C04F79EFBC}") = "AM.UI.Console", "AM.UI.Console\AM.UI.Console.csproj", "{586FDB1D-C3F3-4CEB-BC3E-4366BCA29197}"
EndProject
Global
	GlobalSection(SolutionConfigurationPlatforms) = preSolution
		Debug|Any CPU = Debug|Any CPU
		Release|Any CPU = Release|Any CPU
	EndGlobalSection
	GlobalSection(ProjectConfigurationPlatforms) = postSolution
		{96BCD9D7-3880-4C14-89C3-103837D58BAB}.Debug|Any CPU.ActiveCfg = Debug|Any CPU
		{96BCD9D7-3880-4C14-89C3-103837D58BAB}.Debug|Any CPU.Build.0 = Debug|Any CPU
		{96BCD9D7-3880-4C14-89C3-103837D58BAB}.Release|Any CPU.ActiveCfg = Release|Any CPU
		{96BCD9D7-3880-4C14-89C3-103837D58BAB}.Release|Any CPU.Build.0 = Release|Any CPU
		{586FDB1D-C3F3-4CEB-BC3E-4366BCA29197}.Debug|Any CPU.ActiveCfg = Debug|Any CPU
		{586FDB1D-C3F3-4CEB-BC3E-4366BCA29197}.Debug|Any CPU.Build.0 = Debug|Any CPU
		{586FDB1D-C3F3-4CEB-BC3E-4366BCA29197}.Release|Any CPU.ActiveCfg = Release|Any CPU
		{586FDB1D-C3F3-4CEB-BC3E-4366BCA29197}.Release|Any CPU.Build.0 = Release|Any CPU
	EndGlobalSection
	GlobalSection(SolutionProperties) = preSolution
		HideSolutionNode = FALSE
	EndGlobalSection
	GlobalSection(ExtensibilityGlobals) = postSolution
		SolutionGuid = {10335C12-688A-401D-84D0-497FABEB49AF}
	EndGlobalSection
EndGlobal
